// !$*UTF8*$!
{
	archiveVersion = 1;
	classes = {
	};
	objectVersion = 55;
	objects = {

/* Begin PBXBuildFile section */
		E901FEBD28FF086100DFA87A /* ColorPaletteView.swift in Sources */ = {isa = PBXBuildFile; fileRef = E901FEBC28FF086100DFA87A /* ColorPaletteView.swift */; };
		E901FEC328FFE59700DFA87A /* UIView_Pin.swift in Sources */ = {isa = PBXBuildFile; fileRef = E901FEC228FFE59700DFA87A /* UIView_Pin.swift */; };
		E901FEC528FFE97500DFA87A /* UIColor_extension.swift in Sources */ = {isa = PBXBuildFile; fileRef = E901FEC428FFE97500DFA87A /* UIColor_extension.swift */; };
		E91268A7290EC93A0070746D /* ColorTheme.swift in Sources */ = {isa = PBXBuildFile; fileRef = E91268A6290EC93A0070746D /* ColorTheme.swift */; };
		E91268A9290EDBA00070746D /* Color.swift in Sources */ = {isa = PBXBuildFile; fileRef = E91268A8290EDBA00070746D /* Color.swift */; };
		E91268BB290F21F40070746D /* dark.json in Resources */ = {isa = PBXBuildFile; fileRef = E91268BA290F21F40070746D /* dark.json */; };
		E91268BD290F21FB0070746D /* neon.json in Resources */ = {isa = PBXBuildFile; fileRef = E91268BC290F21FB0070746D /* neon.json */; };
		E91268BF2910FC010070746D /* ChangeColorProtocol.swift in Sources */ = {isa = PBXBuildFile; fileRef = E91268BE2910FC010070746D /* ChangeColorProtocol.swift */; };
		E91268C12910FD330070746D /* ChangeColor.swift in Sources */ = {isa = PBXBuildFile; fileRef = E91268C02910FD330070746D /* ChangeColor.swift */; };
		E91268C5291165E50070746D /* ThemePickerViewController.swift in Sources */ = {isa = PBXBuildFile; fileRef = E91268C4291165E50070746D /* ThemePickerViewController.swift */; };
		E97651202920E80100731999 /* NotesViewController.swift in Sources */ = {isa = PBXBuildFile; fileRef = E976511F2920E80100731999 /* NotesViewController.swift */; };
		E97651222920F21C00731999 /* ShortNote.swift in Sources */ = {isa = PBXBuildFile; fileRef = E97651212920F21C00731999 /* ShortNote.swift */; };
		E97651262920FDF400731999 /* NoteCell.swift in Sources */ = {isa = PBXBuildFile; fileRef = E97651252920FDF400731999 /* NoteCell.swift */; };
		E97651282921075A00731999 /* AddNoteCell.swift in Sources */ = {isa = PBXBuildFile; fileRef = E97651272921075A00731999 /* AddNoteCell.swift */; };
		E976512A29210F7C00731999 /* AddNoteDelegate.swift in Sources */ = {isa = PBXBuildFile; fileRef = E976512929210F7C00731999 /* AddNoteDelegate.swift */; };
		E976512E2923D17C00731999 /* default.json in Resources */ = {isa = PBXBuildFile; fileRef = E976512D2923D17C00731999 /* default.json */; };
		E9D8CF5828E9734B00291AF1 /* AppDelegate.swift in Sources */ = {isa = PBXBuildFile; fileRef = E9D8CF5728E9734B00291AF1 /* AppDelegate.swift */; };
		E9D8CF5A28E9734B00291AF1 /* SceneDelegate.swift in Sources */ = {isa = PBXBuildFile; fileRef = E9D8CF5928E9734B00291AF1 /* SceneDelegate.swift */; };
		E9D8CF5C28E9734B00291AF1 /* ViewController.swift in Sources */ = {isa = PBXBuildFile; fileRef = E9D8CF5B28E9734B00291AF1 /* ViewController.swift */; };
		E9D8CF6128E9734F00291AF1 /* Assets.xcassets in Resources */ = {isa = PBXBuildFile; fileRef = E9D8CF6028E9734F00291AF1 /* Assets.xcassets */; };
		E9D8CF6428E9734F00291AF1 /* LaunchScreen.storyboard in Resources */ = {isa = PBXBuildFile; fileRef = E9D8CF6228E9734F00291AF1 /* LaunchScreen.storyboard */; };
		E9D8CF6D28E975D300291AF1 /* WelcomeViewController.swift in Sources */ = {isa = PBXBuildFile; fileRef = E9D8CF6C28E975D300291AF1 /* WelcomeViewController.swift */; };
		E9D8CF7228E9791900291AF1 /* CALayer_Shadow.swift in Sources */ = {isa = PBXBuildFile; fileRef = E9D8CF7128E9791900291AF1 /* CALayer_Shadow.swift */; };
/* End PBXBuildFile section */

/* Begin PBXFileReference section */
		E901FEBC28FF086100DFA87A /* ColorPaletteView.swift */ = {isa = PBXFileReference; lastKnownFileType = sourcecode.swift; path = ColorPaletteView.swift; sourceTree = "<group>"; };
		E901FEC228FFE59700DFA87A /* UIView_Pin.swift */ = {isa = PBXFileReference; fileEncoding = 4; lastKnownFileType = sourcecode.swift; path = UIView_Pin.swift; sourceTree = "<group>"; };
		E901FEC428FFE97500DFA87A /* UIColor_extension.swift */ = {isa = PBXFileReference; lastKnownFileType = sourcecode.swift; path = UIColor_extension.swift; sourceTree = "<group>"; };
		E91268A6290EC93A0070746D /* ColorTheme.swift */ = {isa = PBXFileReference; lastKnownFileType = sourcecode.swift; path = ColorTheme.swift; sourceTree = "<group>"; };
		E91268A8290EDBA00070746D /* Color.swift */ = {isa = PBXFileReference; lastKnownFileType = sourcecode.swift; path = Color.swift; sourceTree = "<group>"; };
		E91268BA290F21F40070746D /* dark.json */ = {isa = PBXFileReference; fileEncoding = 4; lastKnownFileType = text.json; path = dark.json; sourceTree = "<group>"; };
		E91268BC290F21FB0070746D /* neon.json */ = {isa = PBXFileReference; fileEncoding = 4; lastKnownFileType = text.json; path = neon.json; sourceTree = "<group>"; };
		E91268BE2910FC010070746D /* ChangeColorProtocol.swift */ = {isa = PBXFileReference; lastKnownFileType = sourcecode.swift; path = ChangeColorProtocol.swift; sourceTree = "<group>"; };
		E91268C02910FD330070746D /* ChangeColor.swift */ = {isa = PBXFileReference; lastKnownFileType = sourcecode.swift; path = ChangeColor.swift; sourceTree = "<group>"; };
		E91268C4291165E50070746D /* ThemePickerViewController.swift */ = {isa = PBXFileReference; lastKnownFileType = sourcecode.swift; path = ThemePickerViewController.swift; sourceTree = "<group>"; };
		E976511F2920E80100731999 /* NotesViewController.swift */ = {isa = PBXFileReference; lastKnownFileType = sourcecode.swift; path = NotesViewController.swift; sourceTree = "<group>"; };
		E97651212920F21C00731999 /* ShortNote.swift */ = {isa = PBXFileReference; lastKnownFileType = sourcecode.swift; path = ShortNote.swift; sourceTree = "<group>"; };
		E97651252920FDF400731999 /* NoteCell.swift */ = {isa = PBXFileReference; lastKnownFileType = sourcecode.swift; path = NoteCell.swift; sourceTree = "<group>"; };
		E97651272921075A00731999 /* AddNoteCell.swift */ = {isa = PBXFileReference; lastKnownFileType = sourcecode.swift; path = AddNoteCell.swift; sourceTree = "<group>"; };
		E976512929210F7C00731999 /* AddNoteDelegate.swift */ = {isa = PBXFileReference; lastKnownFileType = sourcecode.swift; path = AddNoteDelegate.swift; sourceTree = "<group>"; };
		E976512D2923D17C00731999 /* default.json */ = {isa = PBXFileReference; fileEncoding = 4; lastKnownFileType = text.json; path = default.json; sourceTree = "<group>"; };
		E9D8CF5428E9734B00291AF1 /* palebedev_1PW2.app */ = {isa = PBXFileReference; explicitFileType = wrapper.application; includeInIndex = 0; path = palebedev_1PW2.app; sourceTree = BUILT_PRODUCTS_DIR; };
		E9D8CF5728E9734B00291AF1 /* AppDelegate.swift */ = {isa = PBXFileReference; lastKnownFileType = sourcecode.swift; path = AppDelegate.swift; sourceTree = "<group>"; };
		E9D8CF5928E9734B00291AF1 /* SceneDelegate.swift */ = {isa = PBXFileReference; lastKnownFileType = sourcecode.swift; path = SceneDelegate.swift; sourceTree = "<group>"; };
		E9D8CF5B28E9734B00291AF1 /* ViewController.swift */ = {isa = PBXFileReference; lastKnownFileType = sourcecode.swift; path = ViewController.swift; sourceTree = "<group>"; };
		E9D8CF6028E9734F00291AF1 /* Assets.xcassets */ = {isa = PBXFileReference; lastKnownFileType = folder.assetcatalog; path = Assets.xcassets; sourceTree = "<group>"; };
		E9D8CF6328E9734F00291AF1 /* Base */ = {isa = PBXFileReference; lastKnownFileType = file.storyboard; name = Base; path = Base.lproj/LaunchScreen.storyboard; sourceTree = "<group>"; };
		E9D8CF6528E9734F00291AF1 /* Info.plist */ = {isa = PBXFileReference; lastKnownFileType = text.plist.xml; path = Info.plist; sourceTree = "<group>"; };
		E9D8CF6C28E975D300291AF1 /* WelcomeViewController.swift */ = {isa = PBXFileReference; lastKnownFileType = sourcecode.swift; path = WelcomeViewController.swift; sourceTree = "<group>"; };
		E9D8CF7128E9791900291AF1 /* CALayer_Shadow.swift */ = {isa = PBXFileReference; lastKnownFileType = sourcecode.swift; path = CALayer_Shadow.swift; sourceTree = "<group>"; };
/* End PBXFileReference section */

/* Begin PBXFrameworksBuildPhase section */
		E9D8CF5128E9734B00291AF1 /* Frameworks */ = {
			isa = PBXFrameworksBuildPhase;
			buildActionMask = 2147483647;
			files = (
			);
			runOnlyForDeploymentPostprocessing = 0;
		};
/* End PBXFrameworksBuildPhase section */

/* Begin PBXGroup section */
		E901FEBB28FF081300DFA87A /* Views */ = {
			isa = PBXGroup;
			children = (
				E901FEBC28FF086100DFA87A /* ColorPaletteView.swift */,
				E97651252920FDF400731999 /* NoteCell.swift */,
				E97651272921075A00731999 /* AddNoteCell.swift */,
			);
			path = Views;
			sourceTree = "<group>";
		};
		E91268A4290EC7FE0070746D /* AppThemes */ = {
			isa = PBXGroup;
			children = (
				E91268BA290F21F40070746D /* dark.json */,
				E91268BC290F21FB0070746D /* neon.json */,
			);
			path = AppThemes;
			sourceTree = "<group>";
		};
		E91268A5290EC9280070746D /* Models */ = {
			isa = PBXGroup;
			children = (
				E91268A6290EC93A0070746D /* ColorTheme.swift */,
				E91268A8290EDBA00070746D /* Color.swift */,
				E91268BE2910FC010070746D /* ChangeColorProtocol.swift */,
				E97651212920F21C00731999 /* ShortNote.swift */,
				E976512929210F7C00731999 /* AddNoteDelegate.swift */,
			);
			path = Models;
			sourceTree = "<group>";
		};
		E976512C2923D17C00731999 /* Notes */ = {
			isa = PBXGroup;
			children = (
				E976512D2923D17C00731999 /* default.json */,
			);
			path = Notes;
			sourceTree = "<group>";
		};
		E9D8CF4B28E9734B00291AF1 = {
			isa = PBXGroup;
			children = (
				E9D8CF5628E9734B00291AF1 /* palebedev_1PW2 */,
				E9D8CF5528E9734B00291AF1 /* Products */,
			);
			sourceTree = "<group>";
		};
		E9D8CF5528E9734B00291AF1 /* Products */ = {
			isa = PBXGroup;
			children = (
				E9D8CF5428E9734B00291AF1 /* palebedev_1PW2.app */,
			);
			name = Products;
			sourceTree = "<group>";
		};
		E9D8CF5628E9734B00291AF1 /* palebedev_1PW2 */ = {
			isa = PBXGroup;
			children = (
				E976512C2923D17C00731999 /* Notes */,
				E91268A5290EC9280070746D /* Models */,
				E91268A4290EC7FE0070746D /* AppThemes */,
				E901FEBB28FF081300DFA87A /* Views */,
				E9D8CF7028E976D400291AF1 /* UIView_Adjustments */,
				E9D8CF6B28E975AE00291AF1 /* Controllers */,
				E9D8CF5728E9734B00291AF1 /* AppDelegate.swift */,
				E9D8CF5928E9734B00291AF1 /* SceneDelegate.swift */,
				E9D8CF6028E9734F00291AF1 /* Assets.xcassets */,
				E9D8CF6228E9734F00291AF1 /* LaunchScreen.storyboard */,
				E9D8CF6528E9734F00291AF1 /* Info.plist */,
			);
			path = palebedev_1PW2;
			sourceTree = "<group>";
		};
		E9D8CF6B28E975AE00291AF1 /* Controllers */ = {
			isa = PBXGroup;
			children = (
				E9D8CF5B28E9734B00291AF1 /* ViewController.swift */,
				E9D8CF6C28E975D300291AF1 /* WelcomeViewController.swift */,
				E91268C4291165E50070746D /* ThemePickerViewController.swift */,
				E976511F2920E80100731999 /* NotesViewController.swift */,
			);
			path = Controllers;
			sourceTree = "<group>";
		};
		E9D8CF7028E976D400291AF1 /* UIView_Adjustments */ = {
			isa = PBXGroup;
			children = (
				E901FEC228FFE59700DFA87A /* UIView_Pin.swift */,
				E9D8CF7128E9791900291AF1 /* CALayer_Shadow.swift */,
				E901FEC428FFE97500DFA87A /* UIColor_extension.swift */,
				E91268C02910FD330070746D /* ChangeColor.swift */,
			);
			path = UIView_Adjustments;
			sourceTree = "<group>";
		};
/* End PBXGroup section */

/* Begin PBXNativeTarget section */
		E9D8CF5328E9734B00291AF1 /* palebedev_1PW2 */ = {
			isa = PBXNativeTarget;
			buildConfigurationList = E9D8CF6828E9734F00291AF1 /* Build configuration list for PBXNativeTarget "palebedev_1PW2" */;
			buildPhases = (
				E9D8CF5028E9734B00291AF1 /* Sources */,
				E9D8CF5128E9734B00291AF1 /* Frameworks */,
				E9D8CF5228E9734B00291AF1 /* Resources */,
			);
			buildRules = (
			);
			dependencies = (
			);
			name = palebedev_1PW2;
			productName = palebedev_1PW2;
			productReference = E9D8CF5428E9734B00291AF1 /* palebedev_1PW2.app */;
			productType = "com.apple.product-type.application";
		};
/* End PBXNativeTarget section */

/* Begin PBXProject section */
		E9D8CF4C28E9734B00291AF1 /* Project object */ = {
			isa = PBXProject;
			attributes = {
				BuildIndependentTargetsInParallel = 1;
				LastSwiftUpdateCheck = 1340;
				LastUpgradeCheck = 1340;
				TargetAttributes = {
					E9D8CF5328E9734B00291AF1 = {
						CreatedOnToolsVersion = 13.4.1;
					};
				};
			};
			buildConfigurationList = E9D8CF4F28E9734B00291AF1 /* Build configuration list for PBXProject "palebedev_1PW2" */;
			compatibilityVersion = "Xcode 13.0";
			developmentRegion = en;
			hasScannedForEncodings = 0;
			knownRegions = (
				en,
				Base,
			);
			mainGroup = E9D8CF4B28E9734B00291AF1;
			productRefGroup = E9D8CF5528E9734B00291AF1 /* Products */;
			projectDirPath = "";
			projectRoot = "";
			targets = (
				E9D8CF5328E9734B00291AF1 /* palebedev_1PW2 */,
			);
		};
/* End PBXProject section */

/* Begin PBXResourcesBuildPhase section */
		E9D8CF5228E9734B00291AF1 /* Resources */ = {
			isa = PBXResourcesBuildPhase;
			buildActionMask = 2147483647;
			files = (
				E9D8CF6428E9734F00291AF1 /* LaunchScreen.storyboard in Resources */,
				E976512E2923D17C00731999 /* default.json in Resources */,
				E91268BD290F21FB0070746D /* neon.json in Resources */,
				E91268BB290F21F40070746D /* dark.json in Resources */,
				E9D8CF6128E9734F00291AF1 /* Assets.xcassets in Resources */,
			);
			runOnlyForDeploymentPostprocessing = 0;
		};
/* End PBXResourcesBuildPhase section */

/* Begin PBXSourcesBuildPhase section */
		E9D8CF5028E9734B00291AF1 /* Sources */ = {
			isa = PBXSourcesBuildPhase;
			buildActionMask = 2147483647;
			files = (
				E91268A7290EC93A0070746D /* ColorTheme.swift in Sources */,
				E9D8CF5C28E9734B00291AF1 /* ViewController.swift in Sources */,
				E9D8CF7228E9791900291AF1 /* CALayer_Shadow.swift in Sources */,
				E91268A9290EDBA00070746D /* Color.swift in Sources */,
				E901FEC328FFE59700DFA87A /* UIView_Pin.swift in Sources */,
				E91268BF2910FC010070746D /* ChangeColorProtocol.swift in Sources */,
				E976512A29210F7C00731999 /* AddNoteDelegate.swift in Sources */,
				E901FEBD28FF086100DFA87A /* ColorPaletteView.swift in Sources */,
				E9D8CF6D28E975D300291AF1 /* WelcomeViewController.swift in Sources */,
				E901FEC528FFE97500DFA87A /* UIColor_extension.swift in Sources */,
				E91268C12910FD330070746D /* ChangeColor.swift in Sources */,
				E97651202920E80100731999 /* NotesViewController.swift in Sources */,
				E91268C5291165E50070746D /* ThemePickerViewController.swift in Sources */,
				E9D8CF5828E9734B00291AF1 /* AppDelegate.swift in Sources */,
				E9D8CF5A28E9734B00291AF1 /* SceneDelegate.swift in Sources */,
				E97651282921075A00731999 /* AddNoteCell.swift in Sources */,
				E97651222920F21C00731999 /* ShortNote.swift in Sources */,
				E97651262920FDF400731999 /* NoteCell.swift in Sources */,
			);
			runOnlyForDeploymentPostprocessing = 0;
		};
/* End PBXSourcesBuildPhase section */

/* Begin PBXVariantGroup section */
		E9D8CF6228E9734F00291AF1 /* LaunchScreen.storyboard */ = {
			isa = PBXVariantGroup;
			children = (
				E9D8CF6328E9734F00291AF1 /* Base */,
			);
			name = LaunchScreen.storyboard;
			sourceTree = "<group>";
		};
/* End PBXVariantGroup section */

/* Begin XCBuildConfiguration section */
		E9D8CF6628E9734F00291AF1 /* Debug */ = {
			isa = XCBuildConfiguration;
			buildSettings = {
				ALWAYS_SEARCH_USER_PATHS = NO;
				CLANG_ANALYZER_NONNULL = YES;
				CLANG_ANALYZER_NUMBER_OBJECT_CONVERSION = YES_AGGRESSIVE;
				CLANG_CXX_LANGUAGE_STANDARD = "gnu++17";
				CLANG_ENABLE_MODULES = YES;
				CLANG_ENABLE_OBJC_ARC = YES;
				CLANG_ENABLE_OBJC_WEAK = YES;
				CLANG_WARN_BLOCK_CAPTURE_AUTORELEASING = YES;
				CLANG_WARN_BOOL_CONVERSION = YES;
				CLANG_WARN_COMMA = YES;
				CLANG_WARN_CONSTANT_CONVERSION = YES;
				CLANG_WARN_DEPRECATED_OBJC_IMPLEMENTATIONS = YES;
				CLANG_WARN_DIRECT_OBJC_ISA_USAGE = YES_ERROR;
				CLANG_WARN_DOCUMENTATION_COMMENTS = YES;
				CLANG_WARN_EMPTY_BODY = YES;
				CLANG_WARN_ENUM_CONVERSION = YES;
				CLANG_WARN_INFINITE_RECURSION = YES;
				CLANG_WARN_INT_CONVERSION = YES;
				CLANG_WARN_NON_LITERAL_NULL_CONVERSION = YES;
				CLANG_WARN_OBJC_IMPLICIT_RETAIN_SELF = YES;
				CLANG_WARN_OBJC_LITERAL_CONVERSION = YES;
				CLANG_WARN_OBJC_ROOT_CLASS = YES_ERROR;
				CLANG_WARN_QUOTED_INCLUDE_IN_FRAMEWORK_HEADER = YES;
				CLANG_WARN_RANGE_LOOP_ANALYSIS = YES;
				CLANG_WARN_STRICT_PROTOTYPES = YES;
				CLANG_WARN_SUSPICIOUS_MOVE = YES;
				CLANG_WARN_UNGUARDED_AVAILABILITY = YES_AGGRESSIVE;
				CLANG_WARN_UNREACHABLE_CODE = YES;
				CLANG_WARN__DUPLICATE_METHOD_MATCH = YES;
				COPY_PHASE_STRIP = NO;
				DEBUG_INFORMATION_FORMAT = dwarf;
				ENABLE_STRICT_OBJC_MSGSEND = YES;
				ENABLE_TESTABILITY = YES;
				GCC_C_LANGUAGE_STANDARD = gnu11;
				GCC_DYNAMIC_NO_PIC = NO;
				GCC_NO_COMMON_BLOCKS = YES;
				GCC_OPTIMIZATION_LEVEL = 0;
				GCC_PREPROCESSOR_DEFINITIONS = (
					"DEBUG=1",
					"$(inherited)",
				);
				GCC_WARN_64_TO_32_BIT_CONVERSION = YES;
				GCC_WARN_ABOUT_RETURN_TYPE = YES_ERROR;
				GCC_WARN_UNDECLARED_SELECTOR = YES;
				GCC_WARN_UNINITIALIZED_AUTOS = YES_AGGRESSIVE;
				GCC_WARN_UNUSED_FUNCTION = YES;
				GCC_WARN_UNUSED_VARIABLE = YES;
				IPHONEOS_DEPLOYMENT_TARGET = 15.5;
				MTL_ENABLE_DEBUG_INFO = INCLUDE_SOURCE;
				MTL_FAST_MATH = YES;
				ONLY_ACTIVE_ARCH = YES;
				SDKROOT = iphoneos;
				SWIFT_ACTIVE_COMPILATION_CONDITIONS = DEBUG;
				SWIFT_OPTIMIZATION_LEVEL = "-Onone";
			};
			name = Debug;
		};
		E9D8CF6728E9734F00291AF1 /* Release */ = {
			isa = XCBuildConfiguration;
			buildSettings = {
				ALWAYS_SEARCH_USER_PATHS = NO;
				CLANG_ANALYZER_NONNULL = YES;
				CLANG_ANALYZER_NUMBER_OBJECT_CONVERSION = YES_AGGRESSIVE;
				CLANG_CXX_LANGUAGE_STANDARD = "gnu++17";
				CLANG_ENABLE_MODULES = YES;
				CLANG_ENABLE_OBJC_ARC = YES;
				CLANG_ENABLE_OBJC_WEAK = YES;
				CLANG_WARN_BLOCK_CAPTURE_AUTORELEASING = YES;
				CLANG_WARN_BOOL_CONVERSION = YES;
				CLANG_WARN_COMMA = YES;
				CLANG_WARN_CONSTANT_CONVERSION = YES;
				CLANG_WARN_DEPRECATED_OBJC_IMPLEMENTATIONS = YES;
				CLANG_WARN_DIRECT_OBJC_ISA_USAGE = YES_ERROR;
				CLANG_WARN_DOCUMENTATION_COMMENTS = YES;
				CLANG_WARN_EMPTY_BODY = YES;
				CLANG_WARN_ENUM_CONVERSION = YES;
				CLANG_WARN_INFINITE_RECURSION = YES;
				CLANG_WARN_INT_CONVERSION = YES;
				CLANG_WARN_NON_LITERAL_NULL_CONVERSION = YES;
				CLANG_WARN_OBJC_IMPLICIT_RETAIN_SELF = YES;
				CLANG_WARN_OBJC_LITERAL_CONVERSION = YES;
				CLANG_WARN_OBJC_ROOT_CLASS = YES_ERROR;
				CLANG_WARN_QUOTED_INCLUDE_IN_FRAMEWORK_HEADER = YES;
				CLANG_WARN_RANGE_LOOP_ANALYSIS = YES;
				CLANG_WARN_STRICT_PROTOTYPES = YES;
				CLANG_WARN_SUSPICIOUS_MOVE = YES;
				CLANG_WARN_UNGUARDED_AVAILABILITY = YES_AGGRESSIVE;
				CLANG_WARN_UNREACHABLE_CODE = YES;
				CLANG_WARN__DUPLICATE_METHOD_MATCH = YES;
				COPY_PHASE_STRIP = NO;
				DEBUG_INFORMATION_FORMAT = "dwarf-with-dsym";
				ENABLE_NS_ASSERTIONS = NO;
				ENABLE_STRICT_OBJC_MSGSEND = YES;
				GCC_C_LANGUAGE_STANDARD = gnu11;
				GCC_NO_COMMON_BLOCKS = YES;
				GCC_WARN_64_TO_32_BIT_CONVERSION = YES;
				GCC_WARN_ABOUT_RETURN_TYPE = YES_ERROR;
				GCC_WARN_UNDECLARED_SELECTOR = YES;
				GCC_WARN_UNINITIALIZED_AUTOS = YES_AGGRESSIVE;
				GCC_WARN_UNUSED_FUNCTION = YES;
				GCC_WARN_UNUSED_VARIABLE = YES;
				IPHONEOS_DEPLOYMENT_TARGET = 15.5;
				MTL_ENABLE_DEBUG_INFO = NO;
				MTL_FAST_MATH = YES;
				SDKROOT = iphoneos;
				SWIFT_COMPILATION_MODE = wholemodule;
				SWIFT_OPTIMIZATION_LEVEL = "-O";
				VALIDATE_PRODUCT = YES;
			};
			name = Release;
		};
		E9D8CF6928E9734F00291AF1 /* Debug */ = {
			isa = XCBuildConfiguration;
			buildSettings = {
				ASSETCATALOG_COMPILER_APPICON_NAME = AppIcon;
				ASSETCATALOG_COMPILER_GLOBAL_ACCENT_COLOR_NAME = AccentColor;
				CODE_SIGN_STYLE = Automatic;
				CURRENT_PROJECT_VERSION = 1;
				GENERATE_INFOPLIST_FILE = YES;
				INFOPLIST_FILE = palebedev_1PW2/Info.plist;
				INFOPLIST_KEY_UIApplicationSupportsIndirectInputEvents = YES;
				INFOPLIST_KEY_UILaunchStoryboardName = LaunchScreen;
				INFOPLIST_KEY_UIMainStoryboardFile = "";
				INFOPLIST_KEY_UISupportedInterfaceOrientations_iPad = "UIInterfaceOrientationPortrait UIInterfaceOrientationPortraitUpsideDown UIInterfaceOrientationLandscapeLeft UIInterfaceOrientationLandscapeRight";
				INFOPLIST_KEY_UISupportedInterfaceOrientations_iPhone = "UIInterfaceOrientationPortrait UIInterfaceOrientationLandscapeLeft UIInterfaceOrientationLandscapeRight";
				LD_RUNPATH_SEARCH_PATHS = (
					"$(inherited)",
					"@executable_path/Frameworks",
				);
				MARKETING_VERSION = 1.0;
				PRODUCT_BUNDLE_IDENTIFIER = "loxam.palebedev-1PW2";
				PRODUCT_NAME = "$(TARGET_NAME)";
				SWIFT_EMIT_LOC_STRINGS = YES;
				SWIFT_VERSION = 5.0;
				TARGETED_DEVICE_FAMILY = "1,2";
			};
			name = Debug;
		};
		E9D8CF6A28E9734F00291AF1 /* Release */ = {
			isa = XCBuildConfiguration;
			buildSettings = {
				ASSETCATALOG_COMPILER_APPICON_NAME = AppIcon;
				ASSETCATALOG_COMPILER_GLOBAL_ACCENT_COLOR_NAME = AccentColor;
				CODE_SIGN_STYLE = Automatic;
				CURRENT_PROJECT_VERSION = 1;
				GENERATE_INFOPLIST_FILE = YES;
				INFOPLIST_FILE = palebedev_1PW2/Info.plist;
				INFOPLIST_KEY_UIApplicationSupportsIndirectInputEvents = YES;
				INFOPLIST_KEY_UILaunchStoryboardName = LaunchScreen;
				INFOPLIST_KEY_UISupportedInterfaceOrientations_iPad = "UIInterfaceOrientationPortrait UIInterfaceOrientationPortraitUpsideDown UIInterfaceOrientationLandscapeLeft UIInterfaceOrientationLandscapeRight";
				INFOPLIST_KEY_UISupportedInterfaceOrientations_iPhone = "UIInterfaceOrientationPortrait UIInterfaceOrientationLandscapeLeft UIInterfaceOrientationLandscapeRight";
				LD_RUNPATH_SEARCH_PATHS = (
					"$(inherited)",
					"@executable_path/Frameworks",
				);
				MARKETING_VERSION = 1.0;
				PRODUCT_BUNDLE_IDENTIFIER = "loxam.palebedev-1PW2";
				PRODUCT_NAME = "$(TARGET_NAME)";
				SWIFT_EMIT_LOC_STRINGS = YES;
				SWIFT_VERSION = 5.0;
				TARGETED_DEVICE_FAMILY = "1,2";
			};
			name = Release;
		};
/* End XCBuildConfiguration section */

/* Begin XCConfigurationList section */
		E9D8CF4F28E9734B00291AF1 /* Build configuration list for PBXProject "palebedev_1PW2" */ = {
			isa = XCConfigurationList;
			buildConfigurations = (
				E9D8CF6628E9734F00291AF1 /* Debug */,
				E9D8CF6728E9734F00291AF1 /* Release */,
			);
			defaultConfigurationIsVisible = 0;
			defaultConfigurationName = Release;
		};
		E9D8CF6828E9734F00291AF1 /* Build configuration list for PBXNativeTarget "palebedev_1PW2" */ = {
			isa = XCConfigurationList;
			buildConfigurations = (
				E9D8CF6928E9734F00291AF1 /* Debug */,
				E9D8CF6A28E9734F00291AF1 /* Release */,
			);
			defaultConfigurationIsVisible = 0;
			defaultConfigurationName = Release;
		};
/* End XCConfigurationList section */
	};
	rootObject = E9D8CF4C28E9734B00291AF1 /* Project object */;
}
